
Microsoft Visual Studio Solution File, Format Version 12.00
# Visual Studio Version 17
VisualStudioVersion = 17.5.002.0
MinimumVisualStudioVersion = 10.0.40219.1
Project("{9A19103F-16F7-4668-BE54-9A1E7A4F7556}") = "Lab3_basic-task", "Lab3_basic-task.csproj", "{B35F37FB-8454-4DD0-9602-B0C90FF9E086}"
EndProject
Global
	GlobalSection(SolutionConfigurationPlatforms) = preSolution
		Debug|Any CPU = Debug|Any CPU
		Release|Any CPU = Release|Any CPU
	EndGlobalSection
	GlobalSection(ProjectConfigurationPlatforms) = postSolution
		{B35F37FB-8454-4DD0-9602-B0C90FF9E086}.Debug|Any CPU.ActiveCfg = Debug|Any CPU
		{B35F37FB-8454-4DD0-9602-B0C90FF9E086}.Debug|Any CPU.Build.0 = Debug|Any CPU
		{B35F37FB-8454-4DD0-9602-B0C90FF9E086}.Release|Any CPU.ActiveCfg = Release|Any CPU
		{B35F37FB-8454-4DD0-9602-B0C90FF9E086}.Release|Any CPU.Build.0 = Release|Any CPU
	EndGlobalSection
	GlobalSection(SolutionProperties) = preSolution
		HideSolutionNode = FALSE
	EndGlobalSection
	GlobalSection(ExtensibilityGlobals) = postSolution
		SolutionGuid = {58C91102-5158-4085-BBED-F2D350B49AB1}
	EndGlobalSection
EndGlobal
