
Microsoft Visual Studio Solution File, Format Version 12.00
# Visual Studio Version 17
VisualStudioVersion = 17.5.002.0
MinimumVisualStudioVersion = 10.0.40219.1
Project("{9A19103F-16F7-4668-BE54-9A1E7A4F7556}") = "Lab2-basic-work", "Lab2-basic-work.csproj", "{BF4DD600-02EF-4914-9017-7FE0580ED5DC}"
EndProject
Global
	GlobalSection(SolutionConfigurationPlatforms) = preSolution
		Debug|Any CPU = Debug|Any CPU
		Release|Any CPU = Release|Any CPU
	EndGlobalSection
	GlobalSection(ProjectConfigurationPlatforms) = postSolution
		{BF4DD600-02EF-4914-9017-7FE0580ED5DC}.Debug|Any CPU.ActiveCfg = Debug|Any CPU
		{BF4DD600-02EF-4914-9017-7FE0580ED5DC}.Debug|Any CPU.Build.0 = Debug|Any CPU
		{BF4DD600-02EF-4914-9017-7FE0580ED5DC}.Release|Any CPU.ActiveCfg = Release|Any CPU
		{BF4DD600-02EF-4914-9017-7FE0580ED5DC}.Release|Any CPU.Build.0 = Release|Any CPU
	EndGlobalSection
	GlobalSection(SolutionProperties) = preSolution
		HideSolutionNode = FALSE
	EndGlobalSection
	GlobalSection(ExtensibilityGlobals) = postSolution
		SolutionGuid = {01E40375-C116-4BB7-A9D8-4F248BCA4086}
	EndGlobalSection
EndGlobal
