
Microsoft Visual Studio Solution File, Format Version 12.00
# Visual Studio Version 17
VisualStudioVersion = 17.5.002.0
MinimumVisualStudioVersion = 10.0.40219.1
Project("{9A19103F-16F7-4668-BE54-9A1E7A4F7556}") = "Lab4-task-work", "Lab4-task-work.csproj", "{81AA649E-2A50-4E05-9D02-031F81F0C93F}"
EndProject
Global
	GlobalSection(SolutionConfigurationPlatforms) = preSolution
		Debug|Any CPU = Debug|Any CPU
		Release|Any CPU = Release|Any CPU
	EndGlobalSection
	GlobalSection(ProjectConfigurationPlatforms) = postSolution
		{81AA649E-2A50-4E05-9D02-031F81F0C93F}.Debug|Any CPU.ActiveCfg = Debug|Any CPU
		{81AA649E-2A50-4E05-9D02-031F81F0C93F}.Debug|Any CPU.Build.0 = Debug|Any CPU
		{81AA649E-2A50-4E05-9D02-031F81F0C93F}.Release|Any CPU.ActiveCfg = Release|Any CPU
		{81AA649E-2A50-4E05-9D02-031F81F0C93F}.Release|Any CPU.Build.0 = Release|Any CPU
	EndGlobalSection
	GlobalSection(SolutionProperties) = preSolution
		HideSolutionNode = FALSE
	EndGlobalSection
	GlobalSection(ExtensibilityGlobals) = postSolution
		SolutionGuid = {A71A7394-9B0B-45E2-AD0F-565A6321A81D}
	EndGlobalSection
EndGlobal
