
Microsoft Visual Studio Solution File, Format Version 12.00
# Visual Studio Version 17
VisualStudioVersion = 17.5.002.0
MinimumVisualStudioVersion = 10.0.40219.1
Project("{9A19103F-16F7-4668-BE54-9A1E7A4F7556}") = "Lab4-basic-work", "Lab4-basic-work.csproj", "{E19090EC-6E62-4142-BA45-E06C517C6028}"
EndProject
Global
	GlobalSection(SolutionConfigurationPlatforms) = preSolution
		Debug|Any CPU = Debug|Any CPU
		Release|Any CPU = Release|Any CPU
	EndGlobalSection
	GlobalSection(ProjectConfigurationPlatforms) = postSolution
		{E19090EC-6E62-4142-BA45-E06C517C6028}.Debug|Any CPU.ActiveCfg = Debug|Any CPU
		{E19090EC-6E62-4142-BA45-E06C517C6028}.Debug|Any CPU.Build.0 = Debug|Any CPU
		{E19090EC-6E62-4142-BA45-E06C517C6028}.Release|Any CPU.ActiveCfg = Release|Any CPU
		{E19090EC-6E62-4142-BA45-E06C517C6028}.Release|Any CPU.Build.0 = Release|Any CPU
	EndGlobalSection
	GlobalSection(SolutionProperties) = preSolution
		HideSolutionNode = FALSE
	EndGlobalSection
	GlobalSection(ExtensibilityGlobals) = postSolution
		SolutionGuid = {1090E8C0-C7AE-4F36-ABA7-18AED37D631C}
	EndGlobalSection
EndGlobal
